// !$*UTF8*$!
{
	archiveVersion = 1;
	classes = {
	};
	objectVersion = 56;
	objects = {

/* Begin PBXBuildFile section */
		6D3D9CD52B5165E30050D779 /* MultipleFunctionalApp.swift in Sources */ = {isa = PBXBuildFile; fileRef = 6D3D9CD42B5165E30050D779 /* MultipleFunctionalApp.swift */; };
		6D3D9CD92B5165E40050D779 /* Assets.xcassets in Resources */ = {isa = PBXBuildFile; fileRef = 6D3D9CD82B5165E40050D779 /* Assets.xcassets */; };
		6D3D9CDC2B5165E40050D779 /* Preview Assets.xcassets in Resources */ = {isa = PBXBuildFile; fileRef = 6D3D9CDB2B5165E40050D779 /* Preview Assets.xcassets */; };
		6DB552EE2B52969F004F0B6B /* URLSessionHTTPCLient.swift in Sources */ = {isa = PBXBuildFile; fileRef = 6DB552ED2B52969F004F0B6B /* URLSessionHTTPCLient.swift */; };
		6DB552F02B5296B1004F0B6B /* URLSessionErrorResolver.swift in Sources */ = {isa = PBXBuildFile; fileRef = 6DB552EF2B5296B1004F0B6B /* URLSessionErrorResolver.swift */; };
		6DB552F22B5296BF004F0B6B /* URLSessionRequestMaker.swift in Sources */ = {isa = PBXBuildFile; fileRef = 6DB552F12B5296BF004F0B6B /* URLSessionRequestMaker.swift */; };
		6DB552F42B5296F1004F0B6B /* HTTPClientError.swift in Sources */ = {isa = PBXBuildFile; fileRef = 6DB552F32B5296F1004F0B6B /* HTTPClientError.swift */; };
		6DB552F62B5296FE004F0B6B /* Endpoint.swift in Sources */ = {isa = PBXBuildFile; fileRef = 6DB552F52B5296FE004F0B6B /* Endpoint.swift */; };
		6DB552F82B52970A004F0B6B /* HTTPMethod.swift in Sources */ = {isa = PBXBuildFile; fileRef = 6DB552F72B52970A004F0B6B /* HTTPMethod.swift */; };
		6DB552FA2B529718004F0B6B /* HTTPClient.swift in Sources */ = {isa = PBXBuildFile; fileRef = 6DB552F92B529718004F0B6B /* HTTPClient.swift */; };
		6DB552FC2B529741004F0B6B /* MultipleFunctionalDomainError.swift in Sources */ = {isa = PBXBuildFile; fileRef = 6DB552FB2B529741004F0B6B /* MultipleFunctionalDomainError.swift */; };
		6DB552FE2B529770004F0B6B /* MultipleFunctionalDomainErrorMapper.swift in Sources */ = {isa = PBXBuildFile; fileRef = 6DB552FD2B529770004F0B6B /* MultipleFunctionalDomainErrorMapper.swift */; };
		6DE8801F2B552FEB004E5334 /* FirebaseAuth in Frameworks */ = {isa = PBXBuildFile; productRef = 6DE8801E2B552FEB004E5334 /* FirebaseAuth */; };
		6DE880212B5531AF004E5334 /* GoogleService-Info.plist in Resources */ = {isa = PBXBuildFile; fileRef = 6DE880202B5531AF004E5334 /* GoogleService-Info.plist */; };
		6DE880242B5532DC004E5334 /* LoginUseCase.swift in Sources */ = {isa = PBXBuildFile; fileRef = 6DE880232B5532DC004E5334 /* LoginUseCase.swift */; };
		6DE880262B553362004E5334 /* AuthRepositoryType.swift in Sources */ = {isa = PBXBuildFile; fileRef = 6DE880252B553362004E5334 /* AuthRepositoryType.swift */; };
		6DE880282B5534C6004E5334 /* LoginCredentials.swift in Sources */ = {isa = PBXBuildFile; fileRef = 6DE880272B5534C6004E5334 /* LoginCredentials.swift */; };
		6DE8802A2B5534E1004E5334 /* User.swift in Sources */ = {isa = PBXBuildFile; fileRef = 6DE880292B5534E1004E5334 /* User.swift */; };
		6DE8802C2B553566004E5334 /* LoginUseCaseType.swift in Sources */ = {isa = PBXBuildFile; fileRef = 6DE8802B2B553566004E5334 /* LoginUseCaseType.swift */; };
		6DE8802E2B553619004E5334 /* AuthRepository.swift in Sources */ = {isa = PBXBuildFile; fileRef = 6DE8802D2B553619004E5334 /* AuthRepository.swift */; };
		6DE880312B5536C0004E5334 /* AuthenticationFirebaseDataSourceType.swift in Sources */ = {isa = PBXBuildFile; fileRef = 6DE880302B5536BF004E5334 /* AuthenticationFirebaseDataSourceType.swift */; };
		6DE880332B5537CE004E5334 /* Foundation+Extensions.swift in Sources */ = {isa = PBXBuildFile; fileRef = 6DE880322B5537CE004E5334 /* Foundation+Extensions.swift */; };
		6DE880352B553828004E5334 /* UserDTO.swift in Sources */ = {isa = PBXBuildFile; fileRef = 6DE880342B553828004E5334 /* UserDTO.swift */; };
		6DE880372B553959004E5334 /* AuthenticationFirebaseDataSource.swift in Sources */ = {isa = PBXBuildFile; fileRef = 6DE880362B553959004E5334 /* AuthenticationFirebaseDataSource.swift */; };
		6DE880392B5546EF004E5334 /* LoginViewModel.swift in Sources */ = {isa = PBXBuildFile; fileRef = 6DE880382B5546EF004E5334 /* LoginViewModel.swift */; };
		6DE8803B2B554887004E5334 /* MultipleFunctionalPresentableErrorMapper.swift in Sources */ = {isa = PBXBuildFile; fileRef = 6DE8803A2B554887004E5334 /* MultipleFunctionalPresentableErrorMapper.swift */; };
		6DE8803D2B55498C004E5334 /* LoginView.swift in Sources */ = {isa = PBXBuildFile; fileRef = 6DE8803C2B55498C004E5334 /* LoginView.swift */; };
		6DE8803F2B554AA9004E5334 /* LoginFactory.swift in Sources */ = {isa = PBXBuildFile; fileRef = 6DE8803E2B554AA9004E5334 /* LoginFactory.swift */; };
		6DE880412B555CEC004E5334 /* AuthenticationView.swift in Sources */ = {isa = PBXBuildFile; fileRef = 6DE880402B555CEC004E5334 /* AuthenticationView.swift */; };
		6DE880432B555D70004E5334 /* RegisterView.swift in Sources */ = {isa = PBXBuildFile; fileRef = 6DE880422B555D70004E5334 /* RegisterView.swift */; };
		6DE880452B555E0B004E5334 /* CreateLoginView.swift in Sources */ = {isa = PBXBuildFile; fileRef = 6DE880442B555E0B004E5334 /* CreateLoginView.swift */; };
		6DE880472B555E12004E5334 /* CreateRegisterView.swift in Sources */ = {isa = PBXBuildFile; fileRef = 6DE880462B555E12004E5334 /* CreateRegisterView.swift */; };
		6DE880492B555E58004E5334 /* AuthenticationFactory.swift in Sources */ = {isa = PBXBuildFile; fileRef = 6DE880482B555E58004E5334 /* AuthenticationFactory.swift */; };
		6DE8804B2B555EF7004E5334 /* RegisterFactory.swift in Sources */ = {isa = PBXBuildFile; fileRef = 6DE8804A2B555EF7004E5334 /* RegisterFactory.swift */; };
		6DE8804D2B55611E004E5334 /* RegisterUseCase.swift in Sources */ = {isa = PBXBuildFile; fileRef = 6DE8804C2B55611E004E5334 /* RegisterUseCase.swift */; };
		6DE8804F2B556199004E5334 /* RegisterUseCaseType.swift in Sources */ = {isa = PBXBuildFile; fileRef = 6DE8804E2B556199004E5334 /* RegisterUseCaseType.swift */; };
		6DE880532B5563D6004E5334 /* DismissView.swift in Sources */ = {isa = PBXBuildFile; fileRef = 6DE880522B5563D6004E5334 /* DismissView.swift */; };
		6DE880552B5584EB004E5334 /* GetUserUseCase.swift in Sources */ = {isa = PBXBuildFile; fileRef = 6DE880542B5584EB004E5334 /* GetUserUseCase.swift */; };
		6DE880572B55850F004E5334 /* GetUserUseCaseType.swift in Sources */ = {isa = PBXBuildFile; fileRef = 6DE880562B55850F004E5334 /* GetUserUseCaseType.swift */; };
		6DE880592B558995004E5334 /* CustomLoadingView.swift in Sources */ = {isa = PBXBuildFile; fileRef = 6DE880582B558995004E5334 /* CustomLoadingView.swift */; };
		6DE8805B2B5589E4004E5334 /* HomeView.swift in Sources */ = {isa = PBXBuildFile; fileRef = 6DE8805A2B5589E4004E5334 /* HomeView.swift */; };
		6DE8805D2B558A82004E5334 /* HomeFactory.swift in Sources */ = {isa = PBXBuildFile; fileRef = 6DE8805C2B558A82004E5334 /* HomeFactory.swift */; };
		6DE8805F2B558A99004E5334 /* CreateHomeView.swift in Sources */ = {isa = PBXBuildFile; fileRef = 6DE8805E2B558A99004E5334 /* CreateHomeView.swift */; };
		6DE880612B55929B004E5334 /* LogoutUseCase.swift in Sources */ = {isa = PBXBuildFile; fileRef = 6DE880602B55929B004E5334 /* LogoutUseCase.swift */; };
		6DE880632B5592C7004E5334 /* LogoutUseCaseType.swift in Sources */ = {isa = PBXBuildFile; fileRef = 6DE880622B5592C7004E5334 /* LogoutUseCaseType.swift */; };
		6DE880782B568EAB004E5334 /* MultipleFunctionalTests.swift in Sources */ = {isa = PBXBuildFile; fileRef = 6DE880772B568EAB004E5334 /* MultipleFunctionalTests.swift */; };
		6DE880842B5691B5004E5334 /* LoginUseCaseTests.swift in Sources */ = {isa = PBXBuildFile; fileRef = 6DE880832B5691B5004E5334 /* LoginUseCaseTests.swift */; };
		6DE880862B5698F1004E5334 /* RegisterUseCaseTests.swift in Sources */ = {isa = PBXBuildFile; fileRef = 6DE880852B5698F1004E5334 /* RegisterUseCaseTests.swift */; };
		6DE880892B569A03004E5334 /* AuthRepositoryStub.swift in Sources */ = {isa = PBXBuildFile; fileRef = 6DE880882B569A03004E5334 /* AuthRepositoryStub.swift */; };
		6DE8808B2B569C04004E5334 /* GetUserUseCaseTests.swift in Sources */ = {isa = PBXBuildFile; fileRef = 6DE8808A2B569C04004E5334 /* GetUserUseCaseTests.swift */; };
		6DE8808D2B569D2F004E5334 /* Equatable.swift in Sources */ = {isa = PBXBuildFile; fileRef = 6DE8808C2B569D2F004E5334 /* Equatable.swift */; };
		6DE8808F2B569DAE004E5334 /* LogoutUseCaseTests.swift in Sources */ = {isa = PBXBuildFile; fileRef = 6DE8808E2B569DAE004E5334 /* LogoutUseCaseTests.swift */; };
		6DE880932B56A08D004E5334 /* AuthRepositoryTests.swift in Sources */ = {isa = PBXBuildFile; fileRef = 6DE880922B56A08D004E5334 /* AuthRepositoryTests.swift */; };
		6DE880952B56A253004E5334 /* AuthenticationFirebaseDataSourceStub.swift in Sources */ = {isa = PBXBuildFile; fileRef = 6DE880942B56A253004E5334 /* AuthenticationFirebaseDataSourceStub.swift */; };
		6DE880982B56A603004E5334 /* AuthenticationFirebaseDataSourceTests.swift in Sources */ = {isa = PBXBuildFile; fileRef = 6DE880972B56A603004E5334 /* AuthenticationFirebaseDataSourceTests.swift */; };
/* End PBXBuildFile section */

/* Begin PBXContainerItemProxy section */
		6DE880792B568EAB004E5334 /* PBXContainerItemProxy */ = {
			isa = PBXContainerItemProxy;
			containerPortal = 6D3D9CC92B5165E30050D779 /* Project object */;
			proxyType = 1;
			remoteGlobalIDString = 6D3D9CD02B5165E30050D779;
			remoteInfo = MultipleFunctional;
		};
/* End PBXContainerItemProxy section */

/* Begin PBXFileReference section */
		6D3D9CD12B5165E30050D779 /* MultipleFunctional.app */ = {isa = PBXFileReference; explicitFileType = wrapper.application; includeInIndex = 0; path = MultipleFunctional.app; sourceTree = BUILT_PRODUCTS_DIR; };
		6D3D9CD42B5165E30050D779 /* MultipleFunctionalApp.swift */ = {isa = PBXFileReference; lastKnownFileType = sourcecode.swift; path = MultipleFunctionalApp.swift; sourceTree = "<group>"; };
		6D3D9CD82B5165E40050D779 /* Assets.xcassets */ = {isa = PBXFileReference; lastKnownFileType = folder.assetcatalog; path = Assets.xcassets; sourceTree = "<group>"; };
		6D3D9CDB2B5165E40050D779 /* Preview Assets.xcassets */ = {isa = PBXFileReference; lastKnownFileType = folder.assetcatalog; path = "Preview Assets.xcassets"; sourceTree = "<group>"; };
		6DB552ED2B52969F004F0B6B /* URLSessionHTTPCLient.swift */ = {isa = PBXFileReference; lastKnownFileType = sourcecode.swift; path = URLSessionHTTPCLient.swift; sourceTree = "<group>"; };
		6DB552EF2B5296B1004F0B6B /* URLSessionErrorResolver.swift */ = {isa = PBXFileReference; lastKnownFileType = sourcecode.swift; path = URLSessionErrorResolver.swift; sourceTree = "<group>"; };
		6DB552F12B5296BF004F0B6B /* URLSessionRequestMaker.swift */ = {isa = PBXFileReference; lastKnownFileType = sourcecode.swift; path = URLSessionRequestMaker.swift; sourceTree = "<group>"; };
		6DB552F32B5296F1004F0B6B /* HTTPClientError.swift */ = {isa = PBXFileReference; lastKnownFileType = sourcecode.swift; path = HTTPClientError.swift; sourceTree = "<group>"; };
		6DB552F52B5296FE004F0B6B /* Endpoint.swift */ = {isa = PBXFileReference; lastKnownFileType = sourcecode.swift; path = Endpoint.swift; sourceTree = "<group>"; };
		6DB552F72B52970A004F0B6B /* HTTPMethod.swift */ = {isa = PBXFileReference; lastKnownFileType = sourcecode.swift; path = HTTPMethod.swift; sourceTree = "<group>"; };
		6DB552F92B529718004F0B6B /* HTTPClient.swift */ = {isa = PBXFileReference; lastKnownFileType = sourcecode.swift; path = HTTPClient.swift; sourceTree = "<group>"; };
		6DB552FB2B529741004F0B6B /* MultipleFunctionalDomainError.swift */ = {isa = PBXFileReference; lastKnownFileType = sourcecode.swift; path = MultipleFunctionalDomainError.swift; sourceTree = "<group>"; };
		6DB552FD2B529770004F0B6B /* MultipleFunctionalDomainErrorMapper.swift */ = {isa = PBXFileReference; lastKnownFileType = sourcecode.swift; path = MultipleFunctionalDomainErrorMapper.swift; sourceTree = "<group>"; };
		6DE880202B5531AF004E5334 /* GoogleService-Info.plist */ = {isa = PBXFileReference; fileEncoding = 4; lastKnownFileType = text.plist.xml; path = "GoogleService-Info.plist"; sourceTree = "<group>"; };
		6DE880232B5532DC004E5334 /* LoginUseCase.swift */ = {isa = PBXFileReference; lastKnownFileType = sourcecode.swift; path = LoginUseCase.swift; sourceTree = "<group>"; };
		6DE880252B553362004E5334 /* AuthRepositoryType.swift */ = {isa = PBXFileReference; lastKnownFileType = sourcecode.swift; path = AuthRepositoryType.swift; sourceTree = "<group>"; };
		6DE880272B5534C6004E5334 /* LoginCredentials.swift */ = {isa = PBXFileReference; lastKnownFileType = sourcecode.swift; path = LoginCredentials.swift; sourceTree = "<group>"; };
		6DE880292B5534E1004E5334 /* User.swift */ = {isa = PBXFileReference; lastKnownFileType = sourcecode.swift; path = User.swift; sourceTree = "<group>"; };
		6DE8802B2B553566004E5334 /* LoginUseCaseType.swift */ = {isa = PBXFileReference; lastKnownFileType = sourcecode.swift; path = LoginUseCaseType.swift; sourceTree = "<group>"; };
		6DE8802D2B553619004E5334 /* AuthRepository.swift */ = {isa = PBXFileReference; lastKnownFileType = sourcecode.swift; path = AuthRepository.swift; sourceTree = "<group>"; };
		6DE880302B5536BF004E5334 /* AuthenticationFirebaseDataSourceType.swift */ = {isa = PBXFileReference; lastKnownFileType = sourcecode.swift; path = AuthenticationFirebaseDataSourceType.swift; sourceTree = "<group>"; };
		6DE880322B5537CE004E5334 /* Foundation+Extensions.swift */ = {isa = PBXFileReference; lastKnownFileType = sourcecode.swift; path = "Foundation+Extensions.swift"; sourceTree = "<group>"; };
		6DE880342B553828004E5334 /* UserDTO.swift */ = {isa = PBXFileReference; lastKnownFileType = sourcecode.swift; path = UserDTO.swift; sourceTree = "<group>"; };
		6DE880362B553959004E5334 /* AuthenticationFirebaseDataSource.swift */ = {isa = PBXFileReference; lastKnownFileType = sourcecode.swift; path = AuthenticationFirebaseDataSource.swift; sourceTree = "<group>"; };
		6DE880382B5546EF004E5334 /* LoginViewModel.swift */ = {isa = PBXFileReference; lastKnownFileType = sourcecode.swift; path = LoginViewModel.swift; sourceTree = "<group>"; };
		6DE8803A2B554887004E5334 /* MultipleFunctionalPresentableErrorMapper.swift */ = {isa = PBXFileReference; lastKnownFileType = sourcecode.swift; path = MultipleFunctionalPresentableErrorMapper.swift; sourceTree = "<group>"; };
		6DE8803C2B55498C004E5334 /* LoginView.swift */ = {isa = PBXFileReference; lastKnownFileType = sourcecode.swift; path = LoginView.swift; sourceTree = "<group>"; };
		6DE8803E2B554AA9004E5334 /* LoginFactory.swift */ = {isa = PBXFileReference; lastKnownFileType = sourcecode.swift; path = LoginFactory.swift; sourceTree = "<group>"; };
		6DE880402B555CEC004E5334 /* AuthenticationView.swift */ = {isa = PBXFileReference; lastKnownFileType = sourcecode.swift; path = AuthenticationView.swift; sourceTree = "<group>"; };
		6DE880422B555D70004E5334 /* RegisterView.swift */ = {isa = PBXFileReference; lastKnownFileType = sourcecode.swift; path = RegisterView.swift; sourceTree = "<group>"; };
		6DE880442B555E0B004E5334 /* CreateLoginView.swift */ = {isa = PBXFileReference; lastKnownFileType = sourcecode.swift; path = CreateLoginView.swift; sourceTree = "<group>"; };
		6DE880462B555E12004E5334 /* CreateRegisterView.swift */ = {isa = PBXFileReference; lastKnownFileType = sourcecode.swift; path = CreateRegisterView.swift; sourceTree = "<group>"; };
		6DE880482B555E58004E5334 /* AuthenticationFactory.swift */ = {isa = PBXFileReference; lastKnownFileType = sourcecode.swift; path = AuthenticationFactory.swift; sourceTree = "<group>"; };
		6DE8804A2B555EF7004E5334 /* RegisterFactory.swift */ = {isa = PBXFileReference; lastKnownFileType = sourcecode.swift; path = RegisterFactory.swift; sourceTree = "<group>"; };
		6DE8804C2B55611E004E5334 /* RegisterUseCase.swift */ = {isa = PBXFileReference; lastKnownFileType = sourcecode.swift; path = RegisterUseCase.swift; sourceTree = "<group>"; };
		6DE8804E2B556199004E5334 /* RegisterUseCaseType.swift */ = {isa = PBXFileReference; lastKnownFileType = sourcecode.swift; path = RegisterUseCaseType.swift; sourceTree = "<group>"; };
		6DE880522B5563D6004E5334 /* DismissView.swift */ = {isa = PBXFileReference; lastKnownFileType = sourcecode.swift; path = DismissView.swift; sourceTree = "<group>"; };
		6DE880542B5584EB004E5334 /* GetUserUseCase.swift */ = {isa = PBXFileReference; lastKnownFileType = sourcecode.swift; path = GetUserUseCase.swift; sourceTree = "<group>"; };
		6DE880562B55850F004E5334 /* GetUserUseCaseType.swift */ = {isa = PBXFileReference; lastKnownFileType = sourcecode.swift; path = GetUserUseCaseType.swift; sourceTree = "<group>"; };
		6DE880582B558995004E5334 /* CustomLoadingView.swift */ = {isa = PBXFileReference; lastKnownFileType = sourcecode.swift; path = CustomLoadingView.swift; sourceTree = "<group>"; };
		6DE8805A2B5589E4004E5334 /* HomeView.swift */ = {isa = PBXFileReference; lastKnownFileType = sourcecode.swift; path = HomeView.swift; sourceTree = "<group>"; };
		6DE8805C2B558A82004E5334 /* HomeFactory.swift */ = {isa = PBXFileReference; lastKnownFileType = sourcecode.swift; path = HomeFactory.swift; sourceTree = "<group>"; };
		6DE8805E2B558A99004E5334 /* CreateHomeView.swift */ = {isa = PBXFileReference; lastKnownFileType = sourcecode.swift; path = CreateHomeView.swift; sourceTree = "<group>"; };
		6DE880602B55929B004E5334 /* LogoutUseCase.swift */ = {isa = PBXFileReference; lastKnownFileType = sourcecode.swift; path = LogoutUseCase.swift; sourceTree = "<group>"; };
		6DE880622B5592C7004E5334 /* LogoutUseCaseType.swift */ = {isa = PBXFileReference; lastKnownFileType = sourcecode.swift; path = LogoutUseCaseType.swift; sourceTree = "<group>"; };
		6DE880752B568EAB004E5334 /* MultipleFunctionalTests.xctest */ = {isa = PBXFileReference; explicitFileType = wrapper.cfbundle; includeInIndex = 0; path = MultipleFunctionalTests.xctest; sourceTree = BUILT_PRODUCTS_DIR; };
		6DE880772B568EAB004E5334 /* MultipleFunctionalTests.swift */ = {isa = PBXFileReference; lastKnownFileType = sourcecode.swift; path = MultipleFunctionalTests.swift; sourceTree = "<group>"; };
		6DE880832B5691B5004E5334 /* LoginUseCaseTests.swift */ = {isa = PBXFileReference; lastKnownFileType = sourcecode.swift; path = LoginUseCaseTests.swift; sourceTree = "<group>"; };
		6DE880852B5698F1004E5334 /* RegisterUseCaseTests.swift */ = {isa = PBXFileReference; lastKnownFileType = sourcecode.swift; path = RegisterUseCaseTests.swift; sourceTree = "<group>"; };
		6DE880882B569A03004E5334 /* AuthRepositoryStub.swift */ = {isa = PBXFileReference; lastKnownFileType = sourcecode.swift; path = AuthRepositoryStub.swift; sourceTree = "<group>"; };
		6DE8808A2B569C04004E5334 /* GetUserUseCaseTests.swift */ = {isa = PBXFileReference; lastKnownFileType = sourcecode.swift; path = GetUserUseCaseTests.swift; sourceTree = "<group>"; };
		6DE8808C2B569D2F004E5334 /* Equatable.swift */ = {isa = PBXFileReference; lastKnownFileType = sourcecode.swift; path = Equatable.swift; sourceTree = "<group>"; };
		6DE8808E2B569DAE004E5334 /* LogoutUseCaseTests.swift */ = {isa = PBXFileReference; lastKnownFileType = sourcecode.swift; path = LogoutUseCaseTests.swift; sourceTree = "<group>"; };
		6DE880922B56A08D004E5334 /* AuthRepositoryTests.swift */ = {isa = PBXFileReference; lastKnownFileType = sourcecode.swift; path = AuthRepositoryTests.swift; sourceTree = "<group>"; };
		6DE880942B56A253004E5334 /* AuthenticationFirebaseDataSourceStub.swift */ = {isa = PBXFileReference; lastKnownFileType = sourcecode.swift; path = AuthenticationFirebaseDataSourceStub.swift; sourceTree = "<group>"; };
		6DE880972B56A603004E5334 /* AuthenticationFirebaseDataSourceTests.swift */ = {isa = PBXFileReference; lastKnownFileType = sourcecode.swift; path = AuthenticationFirebaseDataSourceTests.swift; sourceTree = "<group>"; };
/* End PBXFileReference section */

/* Begin PBXFrameworksBuildPhase section */
		6D3D9CCE2B5165E30050D779 /* Frameworks */ = {
			isa = PBXFrameworksBuildPhase;
			buildActionMask = 2147483647;
			files = (
				6DE8801F2B552FEB004E5334 /* FirebaseAuth in Frameworks */,
			);
			runOnlyForDeploymentPostprocessing = 0;
		};
		6DE880722B568EAB004E5334 /* Frameworks */ = {
			isa = PBXFrameworksBuildPhase;
			buildActionMask = 2147483647;
			files = (
			);
			runOnlyForDeploymentPostprocessing = 0;
		};
/* End PBXFrameworksBuildPhase section */

/* Begin PBXGroup section */
		6D3D9CC82B5165E30050D779 = {
			isa = PBXGroup;
			children = (
				6D3D9CD32B5165E30050D779 /* MultipleFunctional */,
				6DE880762B568EAB004E5334 /* MultipleFunctionalTests */,
				6D3D9CD22B5165E30050D779 /* Products */,
			);
			sourceTree = "<group>";
		};
		6D3D9CD22B5165E30050D779 /* Products */ = {
			isa = PBXGroup;
			children = (
				6D3D9CD12B5165E30050D779 /* MultipleFunctional.app */,
				6DE880752B568EAB004E5334 /* MultipleFunctionalTests.xctest */,
			);
			name = Products;
			sourceTree = "<group>";
		};
		6D3D9CD32B5165E30050D779 /* MultipleFunctional */ = {
			isa = PBXGroup;
			children = (
				6DE880202B5531AF004E5334 /* GoogleService-Info.plist */,
				6D3D9CD42B5165E30050D779 /* MultipleFunctionalApp.swift */,
				6DB552E02B52959E004F0B6B /* Utils */,
				6DB552DA2B52956F004F0B6B /* Composition Root */,
				6DB552DF2B529598004F0B6B /* UI */,
				6DB552DE2B529590004F0B6B /* Presentation */,
				6DB552DD2B529587004F0B6B /* Infraestructure */,
				6DB552DB2B529578004F0B6B /* Data */,
				6DB552DC2B529582004F0B6B /* Domain */,
				6D3D9CD82B5165E40050D779 /* Assets.xcassets */,
				6D3D9CDA2B5165E40050D779 /* Preview Content */,
			);
			path = MultipleFunctional;
			sourceTree = "<group>";
		};
		6D3D9CDA2B5165E40050D779 /* Preview Content */ = {
			isa = PBXGroup;
			children = (
				6D3D9CDB2B5165E40050D779 /* Preview Assets.xcassets */,
			);
			path = "Preview Content";
			sourceTree = "<group>";
		};
		6DB552DA2B52956F004F0B6B /* Composition Root */ = {
			isa = PBXGroup;
			children = (
				6DE880482B555E58004E5334 /* AuthenticationFactory.swift */,
				6DE8803E2B554AA9004E5334 /* LoginFactory.swift */,
				6DE8804A2B555EF7004E5334 /* RegisterFactory.swift */,
				6DE8805C2B558A82004E5334 /* HomeFactory.swift */,
			);
			path = "Composition Root";
			sourceTree = "<group>";
		};
		6DB552DB2B529578004F0B6B /* Data */ = {
			isa = PBXGroup;
			children = (
				6DB552E32B5295C9004F0B6B /* Mapper */,
				6DB552E12B5295B9004F0B6B /* Cache */,
				6DB552E22B5295C0004F0B6B /* DTOs */,
				6DB552E42B5295CF004F0B6B /* Networking */,
				6DB552E52B5295D6004F0B6B /* Repositories */,
			);
			path = Data;
			sourceTree = "<group>";
		};
		6DB552DC2B529582004F0B6B /* Domain */ = {
			isa = PBXGroup;
			children = (
				6DB552E72B5295EC004F0B6B /* Error */,
				6DB552E82B5295F2004F0B6B /* Interfaces */,
				6DB552E92B5295F8004F0B6B /* Use Cases */,
				6DB552E62B5295E6004F0B6B /* Entities */,
			);
			path = Domain;
			sourceTree = "<group>";
		};
		6DB552DD2B529587004F0B6B /* Infraestructure */ = {
			isa = PBXGroup;
			children = (
				6DB552EA2B52960A004F0B6B /* Data */,
				6DB552EB2B52960E004F0B6B /* Networking */,
			);
			path = Infraestructure;
			sourceTree = "<group>";
		};
		6DB552DE2B529590004F0B6B /* Presentation */ = {
			isa = PBXGroup;
			children = (
				6DE880382B5546EF004E5334 /* LoginViewModel.swift */,
				6DE8803A2B554887004E5334 /* MultipleFunctionalPresentableErrorMapper.swift */,
			);
			path = Presentation;
			sourceTree = "<group>";
		};
		6DB552DF2B529598004F0B6B /* UI */ = {
			isa = PBXGroup;
			children = (
				6DE880582B558995004E5334 /* CustomLoadingView.swift */,
				6DE880522B5563D6004E5334 /* DismissView.swift */,
				6DB553112B529A19004F0B6B /* Authentication */,
				6DE8805A2B5589E4004E5334 /* HomeView.swift */,
			);
			path = UI;
			sourceTree = "<group>";
		};
		6DB552E02B52959E004F0B6B /* Utils */ = {
			isa = PBXGroup;
			children = (
				6DE880322B5537CE004E5334 /* Foundation+Extensions.swift */,
			);
			path = Utils;
			sourceTree = "<group>";
		};
		6DB552E12B5295B9004F0B6B /* Cache */ = {
			isa = PBXGroup;
			children = (
			);
			path = Cache;
			sourceTree = "<group>";
		};
		6DB552E22B5295C0004F0B6B /* DTOs */ = {
			isa = PBXGroup;
			children = (
				6DE880342B553828004E5334 /* UserDTO.swift */,
			);
			path = DTOs;
			sourceTree = "<group>";
		};
		6DB552E32B5295C9004F0B6B /* Mapper */ = {
			isa = PBXGroup;
			children = (
				6DB552FD2B529770004F0B6B /* MultipleFunctionalDomainErrorMapper.swift */,
			);
			path = Mapper;
			sourceTree = "<group>";
		};
		6DB552E42B5295CF004F0B6B /* Networking */ = {
			isa = PBXGroup;
			children = (
				6DB552F32B5296F1004F0B6B /* HTTPClientError.swift */,
				6DB552F52B5296FE004F0B6B /* Endpoint.swift */,
				6DB552F72B52970A004F0B6B /* HTTPMethod.swift */,
				6DB552F92B529718004F0B6B /* HTTPClient.swift */,
				6DE8802F2B5536B6004E5334 /* Auth */,
			);
			path = Networking;
			sourceTree = "<group>";
		};
		6DB552E52B5295D6004F0B6B /* Repositories */ = {
			isa = PBXGroup;
			children = (
				6DE8802D2B553619004E5334 /* AuthRepository.swift */,
			);
			path = Repositories;
			sourceTree = "<group>";
		};
		6DB552E62B5295E6004F0B6B /* Entities */ = {
			isa = PBXGroup;
			children = (
				6DE880272B5534C6004E5334 /* LoginCredentials.swift */,
				6DE880292B5534E1004E5334 /* User.swift */,
			);
			path = Entities;
			sourceTree = "<group>";
		};
		6DB552E72B5295EC004F0B6B /* Error */ = {
			isa = PBXGroup;
			children = (
				6DB552FB2B529741004F0B6B /* MultipleFunctionalDomainError.swift */,
			);
			path = Error;
			sourceTree = "<group>";
		};
		6DB552E82B5295F2004F0B6B /* Interfaces */ = {
			isa = PBXGroup;
			children = (
				6DE880502B5562F6004E5334 /* Auth */,
			);
			path = Interfaces;
			sourceTree = "<group>";
		};
		6DB552E92B5295F8004F0B6B /* Use Cases */ = {
			isa = PBXGroup;
			children = (
				6DE880512B55630C004E5334 /* Auth */,
			);
			path = "Use Cases";
			sourceTree = "<group>";
		};
		6DB552EA2B52960A004F0B6B /* Data */ = {
			isa = PBXGroup;
			children = (
				6DB552EC2B52961F004F0B6B /* Models */,
			);
			path = Data;
			sourceTree = "<group>";
		};
		6DB552EB2B52960E004F0B6B /* Networking */ = {
			isa = PBXGroup;
			children = (
				6DB552ED2B52969F004F0B6B /* URLSessionHTTPCLient.swift */,
				6DB552EF2B5296B1004F0B6B /* URLSessionErrorResolver.swift */,
				6DB552F12B5296BF004F0B6B /* URLSessionRequestMaker.swift */,
			);
			path = Networking;
			sourceTree = "<group>";
		};
		6DB552EC2B52961F004F0B6B /* Models */ = {
			isa = PBXGroup;
			children = (
			);
			path = Models;
			sourceTree = "<group>";
		};
		6DB553112B529A19004F0B6B /* Authentication */ = {
			isa = PBXGroup;
			children = (
				6DE880402B555CEC004E5334 /* AuthenticationView.swift */,
				6DE8803C2B55498C004E5334 /* LoginView.swift */,
				6DE880422B555D70004E5334 /* RegisterView.swift */,
				6DE880442B555E0B004E5334 /* CreateLoginView.swift */,
				6DE880462B555E12004E5334 /* CreateRegisterView.swift */,
				6DE8805E2B558A99004E5334 /* CreateHomeView.swift */,
			);
			path = Authentication;
			sourceTree = "<group>";
		};
		6DE8802F2B5536B6004E5334 /* Auth */ = {
			isa = PBXGroup;
			children = (
				6DE880302B5536BF004E5334 /* AuthenticationFirebaseDataSourceType.swift */,
				6DE880362B553959004E5334 /* AuthenticationFirebaseDataSource.swift */,
			);
			path = Auth;
			sourceTree = "<group>";
		};
		6DE880502B5562F6004E5334 /* Auth */ = {
			isa = PBXGroup;
			children = (
				6DE880252B553362004E5334 /* AuthRepositoryType.swift */,
				6DE8802B2B553566004E5334 /* LoginUseCaseType.swift */,
				6DE8804E2B556199004E5334 /* RegisterUseCaseType.swift */,
				6DE880562B55850F004E5334 /* GetUserUseCaseType.swift */,
				6DE880622B5592C7004E5334 /* LogoutUseCaseType.swift */,
			);
			path = Auth;
			sourceTree = "<group>";
		};
		6DE880512B55630C004E5334 /* Auth */ = {
			isa = PBXGroup;
			children = (
				6DE880232B5532DC004E5334 /* LoginUseCase.swift */,
				6DE8804C2B55611E004E5334 /* RegisterUseCase.swift */,
				6DE880542B5584EB004E5334 /* GetUserUseCase.swift */,
				6DE880602B55929B004E5334 /* LogoutUseCase.swift */,
			);
			path = Auth;
			sourceTree = "<group>";
		};
		6DE880762B568EAB004E5334 /* MultipleFunctionalTests */ = {
			isa = PBXGroup;
			children = (
				6DE880772B568EAB004E5334 /* MultipleFunctionalTests.swift */,
				6DE880872B5699DB004E5334 /* Helpers */,
				6DE880902B56A037004E5334 /* Data */,
				6DE880812B569179004E5334 /* Domain */,
			);
			path = MultipleFunctionalTests;
			sourceTree = "<group>";
		};
		6DE880812B569179004E5334 /* Domain */ = {
			isa = PBXGroup;
			children = (
				6DE880822B569191004E5334 /* Auth */,
			);
			path = Domain;
			sourceTree = "<group>";
		};
		6DE880822B569191004E5334 /* Auth */ = {
			isa = PBXGroup;
			children = (
				6DE880832B5691B5004E5334 /* LoginUseCaseTests.swift */,
				6DE880852B5698F1004E5334 /* RegisterUseCaseTests.swift */,
				6DE8808A2B569C04004E5334 /* GetUserUseCaseTests.swift */,
				6DE8808E2B569DAE004E5334 /* LogoutUseCaseTests.swift */,
			);
			path = Auth;
			sourceTree = "<group>";
		};
		6DE880872B5699DB004E5334 /* Helpers */ = {
			isa = PBXGroup;
			children = (
				6DE880882B569A03004E5334 /* AuthRepositoryStub.swift */,
				6DE880942B56A253004E5334 /* AuthenticationFirebaseDataSourceStub.swift */,
				6DE8808C2B569D2F004E5334 /* Equatable.swift */,
			);
			path = Helpers;
			sourceTree = "<group>";
		};
		6DE880902B56A037004E5334 /* Data */ = {
			isa = PBXGroup;
			children = (
				6DE880962B56A5F2004E5334 /* Networking */,
				6DE880912B56A04E004E5334 /* Repositories */,
			);
			path = Data;
			sourceTree = "<group>";
		};
		6DE880912B56A04E004E5334 /* Repositories */ = {
			isa = PBXGroup;
			children = (
				6DE880922B56A08D004E5334 /* AuthRepositoryTests.swift */,
			);
			path = Repositories;
			sourceTree = "<group>";
		};
		6DE880962B56A5F2004E5334 /* Networking */ = {
			isa = PBXGroup;
			children = (
				6DE880972B56A603004E5334 /* AuthenticationFirebaseDataSourceTests.swift */,
			);
			path = Networking;
			sourceTree = "<group>";
		};
/* End PBXGroup section */

/* Begin PBXNativeTarget section */
		6D3D9CD02B5165E30050D779 /* MultipleFunctional */ = {
			isa = PBXNativeTarget;
			buildConfigurationList = 6D3D9CDF2B5165E40050D779 /* Build configuration list for PBXNativeTarget "MultipleFunctional" */;
			buildPhases = (
				6D3D9CCD2B5165E30050D779 /* Sources */,
				6D3D9CCE2B5165E30050D779 /* Frameworks */,
				6D3D9CCF2B5165E30050D779 /* Resources */,
				6DE880692B5594B6004E5334 /* ShellScript */,
			);
			buildRules = (
			);
			dependencies = (
				6DE8806B2B5594CB004E5334 /* PBXTargetDependency */,
			);
			name = MultipleFunctional;
			packageProductDependencies = (
				6DE8801E2B552FEB004E5334 /* FirebaseAuth */,
			);
			productName = MultipleFunctional;
			productReference = 6D3D9CD12B5165E30050D779 /* MultipleFunctional.app */;
			productType = "com.apple.product-type.application";
		};
		6DE880742B568EAB004E5334 /* MultipleFunctionalTests */ = {
			isa = PBXNativeTarget;
			buildConfigurationList = 6DE8807B2B568EAB004E5334 /* Build configuration list for PBXNativeTarget "MultipleFunctionalTests" */;
			buildPhases = (
				6DE880712B568EAB004E5334 /* Sources */,
				6DE880722B568EAB004E5334 /* Frameworks */,
				6DE880732B568EAB004E5334 /* Resources */,
				6DE8807E2B569047004E5334 /* ShellScript */,
			);
			buildRules = (
			);
			dependencies = (
				6DE880802B56904F004E5334 /* PBXTargetDependency */,
				6DE8807A2B568EAB004E5334 /* PBXTargetDependency */,
			);
			name = MultipleFunctionalTests;
			productName = MultipleFunctionalTests;
			productReference = 6DE880752B568EAB004E5334 /* MultipleFunctionalTests.xctest */;
			productType = "com.apple.product-type.bundle.unit-test";
		};
/* End PBXNativeTarget section */

/* Begin PBXProject section */
		6D3D9CC92B5165E30050D779 /* Project object */ = {
			isa = PBXProject;
			attributes = {
				BuildIndependentTargetsInParallel = 1;
				LastSwiftUpdateCheck = 1510;
				LastUpgradeCheck = 1510;
				TargetAttributes = {
					6D3D9CD02B5165E30050D779 = {
						CreatedOnToolsVersion = 15.1;
					};
					6DE880742B568EAB004E5334 = {
						CreatedOnToolsVersion = 15.1;
						TestTargetID = 6D3D9CD02B5165E30050D779;
					};
				};
			};
			buildConfigurationList = 6D3D9CCC2B5165E30050D779 /* Build configuration list for PBXProject "MultipleFunctional" */;
			compatibilityVersion = "Xcode 14.0";
			developmentRegion = en;
			hasScannedForEncodings = 0;
			knownRegions = (
				en,
				Base,
			);
			mainGroup = 6D3D9CC82B5165E30050D779;
			packageReferences = (
				6DE8801D2B552FEB004E5334 /* XCRemoteSwiftPackageReference "firebase-ios-sdk" */,
				6DE8806C2B559687004E5334 /* XCRemoteSwiftPackageReference "SwiftLint" */,
			);
			productRefGroup = 6D3D9CD22B5165E30050D779 /* Products */;
			projectDirPath = "";
			projectRoot = "";
			targets = (
				6D3D9CD02B5165E30050D779 /* MultipleFunctional */,
				6DE880742B568EAB004E5334 /* MultipleFunctionalTests */,
			);
		};
/* End PBXProject section */

/* Begin PBXResourcesBuildPhase section */
		6D3D9CCF2B5165E30050D779 /* Resources */ = {
			isa = PBXResourcesBuildPhase;
			buildActionMask = 2147483647;
			files = (
				6D3D9CDC2B5165E40050D779 /* Preview Assets.xcassets in Resources */,
				6D3D9CD92B5165E40050D779 /* Assets.xcassets in Resources */,
				6DE880212B5531AF004E5334 /* GoogleService-Info.plist in Resources */,
			);
			runOnlyForDeploymentPostprocessing = 0;
		};
		6DE880732B568EAB004E5334 /* Resources */ = {
			isa = PBXResourcesBuildPhase;
			buildActionMask = 2147483647;
			files = (
			);
			runOnlyForDeploymentPostprocessing = 0;
		};
/* End PBXResourcesBuildPhase section */

/* Begin PBXShellScriptBuildPhase section */
		6DE880692B5594B6004E5334 /* ShellScript */ = {
			isa = PBXShellScriptBuildPhase;
			buildActionMask = 2147483647;
			files = (
			);
			inputFileListPaths = (
			);
			inputPaths = (
			);
			outputFileListPaths = (
			);
			outputPaths = (
			);
			runOnlyForDeploymentPostprocessing = 0;
			shellPath = /bin/sh;
			shellScript = "if which swiftlint >/dev/null; then\n    swiftlint\nelse \n    echo \"warning: SwiftLint not installed\"\nfi\n";
		};
		6DE8807E2B569047004E5334 /* ShellScript */ = {
			isa = PBXShellScriptBuildPhase;
			buildActionMask = 2147483647;
			files = (
			);
			inputFileListPaths = (
			);
			inputPaths = (
			);
			outputFileListPaths = (
			);
			outputPaths = (
			);
			runOnlyForDeploymentPostprocessing = 0;
			shellPath = /bin/sh;
			shellScript = "if which swiftlint >/dev/null; then\n    swiftlint\nelse \n    echo \"warning: SwiftLint not installed\"\nfi\n";
		};
/* End PBXShellScriptBuildPhase section */

/* Begin PBXSourcesBuildPhase section */
		6D3D9CCD2B5165E30050D779 /* Sources */ = {
			isa = PBXSourcesBuildPhase;
			buildActionMask = 2147483647;
			files = (
				6DB552F62B5296FE004F0B6B /* Endpoint.swift in Sources */,
				6DE880472B555E12004E5334 /* CreateRegisterView.swift in Sources */,
				6DE880532B5563D6004E5334 /* DismissView.swift in Sources */,
				6DE880392B5546EF004E5334 /* LoginViewModel.swift in Sources */,
				6DB552F22B5296BF004F0B6B /* URLSessionRequestMaker.swift in Sources */,
				6DE880412B555CEC004E5334 /* AuthenticationView.swift in Sources */,
				6DB552FE2B529770004F0B6B /* MultipleFunctionalDomainErrorMapper.swift in Sources */,
				6DB552EE2B52969F004F0B6B /* URLSessionHTTPCLient.swift in Sources */,
				6DE8803D2B55498C004E5334 /* LoginView.swift in Sources */,
				6DE8804F2B556199004E5334 /* RegisterUseCaseType.swift in Sources */,
				6DE8802C2B553566004E5334 /* LoginUseCaseType.swift in Sources */,
				6DE880432B555D70004E5334 /* RegisterView.swift in Sources */,
				6DB552F82B52970A004F0B6B /* HTTPMethod.swift in Sources */,
				6DE8803B2B554887004E5334 /* MultipleFunctionalPresentableErrorMapper.swift in Sources */,
				6DB552FA2B529718004F0B6B /* HTTPClient.swift in Sources */,
				6DE880492B555E58004E5334 /* AuthenticationFactory.swift in Sources */,
				6DB552F42B5296F1004F0B6B /* HTTPClientError.swift in Sources */,
				6DE880612B55929B004E5334 /* LogoutUseCase.swift in Sources */,
				6DE8805D2B558A82004E5334 /* HomeFactory.swift in Sources */,
				6DE8802A2B5534E1004E5334 /* User.swift in Sources */,
				6DE880372B553959004E5334 /* AuthenticationFirebaseDataSource.swift in Sources */,
				6DE880452B555E0B004E5334 /* CreateLoginView.swift in Sources */,
				6DE8803F2B554AA9004E5334 /* LoginFactory.swift in Sources */,
				6DB552FC2B529741004F0B6B /* MultipleFunctionalDomainError.swift in Sources */,
				6D3D9CD52B5165E30050D779 /* MultipleFunctionalApp.swift in Sources */,
				6DE8805F2B558A99004E5334 /* CreateHomeView.swift in Sources */,
				6DE8805B2B5589E4004E5334 /* HomeView.swift in Sources */,
				6DE8804B2B555EF7004E5334 /* RegisterFactory.swift in Sources */,
				6DE880572B55850F004E5334 /* GetUserUseCaseType.swift in Sources */,
				6DE880282B5534C6004E5334 /* LoginCredentials.swift in Sources */,
				6DE880632B5592C7004E5334 /* LogoutUseCaseType.swift in Sources */,
				6DE880552B5584EB004E5334 /* GetUserUseCase.swift in Sources */,
				6DE8802E2B553619004E5334 /* AuthRepository.swift in Sources */,
				6DE880262B553362004E5334 /* AuthRepositoryType.swift in Sources */,
				6DE880312B5536C0004E5334 /* AuthenticationFirebaseDataSourceType.swift in Sources */,
				6DB552F02B5296B1004F0B6B /* URLSessionErrorResolver.swift in Sources */,
				6DE880242B5532DC004E5334 /* LoginUseCase.swift in Sources */,
				6DE880352B553828004E5334 /* UserDTO.swift in Sources */,
				6DE8804D2B55611E004E5334 /* RegisterUseCase.swift in Sources */,
				6DE880592B558995004E5334 /* CustomLoadingView.swift in Sources */,
				6DE880332B5537CE004E5334 /* Foundation+Extensions.swift in Sources */,
			);
			runOnlyForDeploymentPostprocessing = 0;
		};
		6DE880712B568EAB004E5334 /* Sources */ = {
			isa = PBXSourcesBuildPhase;
			buildActionMask = 2147483647;
			files = (
				6DE8808D2B569D2F004E5334 /* Equatable.swift in Sources */,
				6DE880952B56A253004E5334 /* AuthenticationFirebaseDataSourceStub.swift in Sources */,
				6DE880932B56A08D004E5334 /* AuthRepositoryTests.swift in Sources */,
				6DE880982B56A603004E5334 /* AuthenticationFirebaseDataSourceTests.swift in Sources */,
				6DE880782B568EAB004E5334 /* MultipleFunctionalTests.swift in Sources */,
				6DE8808F2B569DAE004E5334 /* LogoutUseCaseTests.swift in Sources */,
				6DE880842B5691B5004E5334 /* LoginUseCaseTests.swift in Sources */,
				6DE880862B5698F1004E5334 /* RegisterUseCaseTests.swift in Sources */,
				6DE8808B2B569C04004E5334 /* GetUserUseCaseTests.swift in Sources */,
				6DE880892B569A03004E5334 /* AuthRepositoryStub.swift in Sources */,
			);
			runOnlyForDeploymentPostprocessing = 0;
		};
/* End PBXSourcesBuildPhase section */

/* Begin PBXTargetDependency section */
		6DE8806B2B5594CB004E5334 /* PBXTargetDependency */ = {
			isa = PBXTargetDependency;
			productRef = 6DE8806A2B5594CB004E5334 /* SwiftLintPlugin */;
		};
		6DE8807A2B568EAB004E5334 /* PBXTargetDependency */ = {
			isa = PBXTargetDependency;
			target = 6D3D9CD02B5165E30050D779 /* MultipleFunctional */;
			targetProxy = 6DE880792B568EAB004E5334 /* PBXContainerItemProxy */;
		};
		6DE880802B56904F004E5334 /* PBXTargetDependency */ = {
			isa = PBXTargetDependency;
			productRef = 6DE8807F2B56904F004E5334 /* SwiftLintPlugin */;
		};
/* End PBXTargetDependency section */

/* Begin XCBuildConfiguration section */
		6D3D9CDD2B5165E40050D779 /* Debug */ = {
			isa = XCBuildConfiguration;
			buildSettings = {
				ALWAYS_SEARCH_USER_PATHS = NO;
				ASSETCATALOG_COMPILER_GENERATE_SWIFT_ASSET_SYMBOL_EXTENSIONS = YES;
				CLANG_ANALYZER_NONNULL = YES;
				CLANG_ANALYZER_NUMBER_OBJECT_CONVERSION = YES_AGGRESSIVE;
				CLANG_CXX_LANGUAGE_STANDARD = "gnu++20";
				CLANG_ENABLE_MODULES = YES;
				CLANG_ENABLE_OBJC_ARC = YES;
				CLANG_ENABLE_OBJC_WEAK = YES;
				CLANG_WARN_BLOCK_CAPTURE_AUTORELEASING = YES;
				CLANG_WARN_BOOL_CONVERSION = YES;
				CLANG_WARN_COMMA = YES;
				CLANG_WARN_CONSTANT_CONVERSION = YES;
				CLANG_WARN_DEPRECATED_OBJC_IMPLEMENTATIONS = YES;
				CLANG_WARN_DIRECT_OBJC_ISA_USAGE = YES_ERROR;
				CLANG_WARN_DOCUMENTATION_COMMENTS = YES;
				CLANG_WARN_EMPTY_BODY = YES;
				CLANG_WARN_ENUM_CONVERSION = YES;
				CLANG_WARN_INFINITE_RECURSION = YES;
				CLANG_WARN_INT_CONVERSION = YES;
				CLANG_WARN_NON_LITERAL_NULL_CONVERSION = YES;
				CLANG_WARN_OBJC_IMPLICIT_RETAIN_SELF = YES;
				CLANG_WARN_OBJC_LITERAL_CONVERSION = YES;
				CLANG_WARN_OBJC_ROOT_CLASS = YES_ERROR;
				CLANG_WARN_QUOTED_INCLUDE_IN_FRAMEWORK_HEADER = YES;
				CLANG_WARN_RANGE_LOOP_ANALYSIS = YES;
				CLANG_WARN_STRICT_PROTOTYPES = YES;
				CLANG_WARN_SUSPICIOUS_MOVE = YES;
				CLANG_WARN_UNGUARDED_AVAILABILITY = YES_AGGRESSIVE;
				CLANG_WARN_UNREACHABLE_CODE = YES;
				CLANG_WARN__DUPLICATE_METHOD_MATCH = YES;
				COPY_PHASE_STRIP = NO;
				DEBUG_INFORMATION_FORMAT = dwarf;
				ENABLE_STRICT_OBJC_MSGSEND = YES;
				ENABLE_TESTABILITY = YES;
				ENABLE_USER_SCRIPT_SANDBOXING = YES;
				GCC_C_LANGUAGE_STANDARD = gnu17;
				GCC_DYNAMIC_NO_PIC = NO;
				GCC_NO_COMMON_BLOCKS = YES;
				GCC_OPTIMIZATION_LEVEL = 0;
				GCC_PREPROCESSOR_DEFINITIONS = (
					"DEBUG=1",
					"$(inherited)",
				);
				GCC_WARN_64_TO_32_BIT_CONVERSION = YES;
				GCC_WARN_ABOUT_RETURN_TYPE = YES_ERROR;
				GCC_WARN_UNDECLARED_SELECTOR = YES;
				GCC_WARN_UNINITIALIZED_AUTOS = YES_AGGRESSIVE;
				GCC_WARN_UNUSED_FUNCTION = YES;
				GCC_WARN_UNUSED_VARIABLE = YES;
				IPHONEOS_DEPLOYMENT_TARGET = 17.2;
				LOCALIZATION_PREFERS_STRING_CATALOGS = YES;
				MTL_ENABLE_DEBUG_INFO = INCLUDE_SOURCE;
				MTL_FAST_MATH = YES;
				ONLY_ACTIVE_ARCH = YES;
				SDKROOT = iphoneos;
				SWIFT_ACTIVE_COMPILATION_CONDITIONS = "DEBUG $(inherited)";
				SWIFT_OPTIMIZATION_LEVEL = "-Onone";
			};
			name = Debug;
		};
		6D3D9CDE2B5165E40050D779 /* Release */ = {
			isa = XCBuildConfiguration;
			buildSettings = {
				ALWAYS_SEARCH_USER_PATHS = NO;
				ASSETCATALOG_COMPILER_GENERATE_SWIFT_ASSET_SYMBOL_EXTENSIONS = YES;
				CLANG_ANALYZER_NONNULL = YES;
				CLANG_ANALYZER_NUMBER_OBJECT_CONVERSION = YES_AGGRESSIVE;
				CLANG_CXX_LANGUAGE_STANDARD = "gnu++20";
				CLANG_ENABLE_MODULES = YES;
				CLANG_ENABLE_OBJC_ARC = YES;
				CLANG_ENABLE_OBJC_WEAK = YES;
				CLANG_WARN_BLOCK_CAPTURE_AUTORELEASING = YES;
				CLANG_WARN_BOOL_CONVERSION = YES;
				CLANG_WARN_COMMA = YES;
				CLANG_WARN_CONSTANT_CONVERSION = YES;
				CLANG_WARN_DEPRECATED_OBJC_IMPLEMENTATIONS = YES;
				CLANG_WARN_DIRECT_OBJC_ISA_USAGE = YES_ERROR;
				CLANG_WARN_DOCUMENTATION_COMMENTS = YES;
				CLANG_WARN_EMPTY_BODY = YES;
				CLANG_WARN_ENUM_CONVERSION = YES;
				CLANG_WARN_INFINITE_RECURSION = YES;
				CLANG_WARN_INT_CONVERSION = YES;
				CLANG_WARN_NON_LITERAL_NULL_CONVERSION = YES;
				CLANG_WARN_OBJC_IMPLICIT_RETAIN_SELF = YES;
				CLANG_WARN_OBJC_LITERAL_CONVERSION = YES;
				CLANG_WARN_OBJC_ROOT_CLASS = YES_ERROR;
				CLANG_WARN_QUOTED_INCLUDE_IN_FRAMEWORK_HEADER = YES;
				CLANG_WARN_RANGE_LOOP_ANALYSIS = YES;
				CLANG_WARN_STRICT_PROTOTYPES = YES;
				CLANG_WARN_SUSPICIOUS_MOVE = YES;
				CLANG_WARN_UNGUARDED_AVAILABILITY = YES_AGGRESSIVE;
				CLANG_WARN_UNREACHABLE_CODE = YES;
				CLANG_WARN__DUPLICATE_METHOD_MATCH = YES;
				COPY_PHASE_STRIP = NO;
				DEBUG_INFORMATION_FORMAT = "dwarf-with-dsym";
				ENABLE_NS_ASSERTIONS = NO;
				ENABLE_STRICT_OBJC_MSGSEND = YES;
				ENABLE_USER_SCRIPT_SANDBOXING = YES;
				GCC_C_LANGUAGE_STANDARD = gnu17;
				GCC_NO_COMMON_BLOCKS = YES;
				GCC_WARN_64_TO_32_BIT_CONVERSION = YES;
				GCC_WARN_ABOUT_RETURN_TYPE = YES_ERROR;
				GCC_WARN_UNDECLARED_SELECTOR = YES;
				GCC_WARN_UNINITIALIZED_AUTOS = YES_AGGRESSIVE;
				GCC_WARN_UNUSED_FUNCTION = YES;
				GCC_WARN_UNUSED_VARIABLE = YES;
				IPHONEOS_DEPLOYMENT_TARGET = 17.2;
				LOCALIZATION_PREFERS_STRING_CATALOGS = YES;
				MTL_ENABLE_DEBUG_INFO = NO;
				MTL_FAST_MATH = YES;
				SDKROOT = iphoneos;
				SWIFT_COMPILATION_MODE = wholemodule;
				VALIDATE_PRODUCT = YES;
			};
			name = Release;
		};
		6D3D9CE02B5165E40050D779 /* Debug */ = {
			isa = XCBuildConfiguration;
			buildSettings = {
				ASSETCATALOG_COMPILER_APPICON_NAME = AppIcon;
				ASSETCATALOG_COMPILER_GLOBAL_ACCENT_COLOR_NAME = AccentColor;
				CODE_SIGN_STYLE = Automatic;
				CURRENT_PROJECT_VERSION = 1;
				DEVELOPMENT_ASSET_PATHS = "\"MultipleFunctional/Preview Content\"";
				DEVELOPMENT_TEAM = BDJY23GUM8;
				ENABLE_PREVIEWS = YES;
				GENERATE_INFOPLIST_FILE = YES;
				INFOPLIST_KEY_UIApplicationSceneManifest_Generation = YES;
				INFOPLIST_KEY_UIApplicationSupportsIndirectInputEvents = YES;
				INFOPLIST_KEY_UILaunchScreen_Generation = YES;
				INFOPLIST_KEY_UISupportedInterfaceOrientations_iPad = "UIInterfaceOrientationPortrait UIInterfaceOrientationPortraitUpsideDown UIInterfaceOrientationLandscapeLeft UIInterfaceOrientationLandscapeRight";
				INFOPLIST_KEY_UISupportedInterfaceOrientations_iPhone = "UIInterfaceOrientationPortrait UIInterfaceOrientationLandscapeLeft UIInterfaceOrientationLandscapeRight";
				LD_RUNPATH_SEARCH_PATHS = (
					"$(inherited)",
					"@executable_path/Frameworks",
				);
				MARKETING_VERSION = 1.0;
				PRODUCT_BUNDLE_IDENTIFIER = com.edguitian.MultipleFunctional;
				PRODUCT_NAME = "$(TARGET_NAME)";
				SWIFT_EMIT_LOC_STRINGS = YES;
				SWIFT_VERSION = 5.0;
				TARGETED_DEVICE_FAMILY = "1,2";
			};
			name = Debug;
		};
		6D3D9CE12B5165E40050D779 /* Release */ = {
			isa = XCBuildConfiguration;
			buildSettings = {
				ASSETCATALOG_COMPILER_APPICON_NAME = AppIcon;
				ASSETCATALOG_COMPILER_GLOBAL_ACCENT_COLOR_NAME = AccentColor;
				CODE_SIGN_STYLE = Automatic;
				CURRENT_PROJECT_VERSION = 1;
				DEVELOPMENT_ASSET_PATHS = "\"MultipleFunctional/Preview Content\"";
				DEVELOPMENT_TEAM = BDJY23GUM8;
				ENABLE_PREVIEWS = YES;
				GENERATE_INFOPLIST_FILE = YES;
				INFOPLIST_KEY_UIApplicationSceneManifest_Generation = YES;
				INFOPLIST_KEY_UIApplicationSupportsIndirectInputEvents = YES;
				INFOPLIST_KEY_UILaunchScreen_Generation = YES;
				INFOPLIST_KEY_UISupportedInterfaceOrientations_iPad = "UIInterfaceOrientationPortrait UIInterfaceOrientationPortraitUpsideDown UIInterfaceOrientationLandscapeLeft UIInterfaceOrientationLandscapeRight";
				INFOPLIST_KEY_UISupportedInterfaceOrientations_iPhone = "UIInterfaceOrientationPortrait UIInterfaceOrientationLandscapeLeft UIInterfaceOrientationLandscapeRight";
				LD_RUNPATH_SEARCH_PATHS = (
					"$(inherited)",
					"@executable_path/Frameworks",
				);
				MARKETING_VERSION = 1.0;
				PRODUCT_BUNDLE_IDENTIFIER = com.edguitian.MultipleFunctional;
				PRODUCT_NAME = "$(TARGET_NAME)";
				SWIFT_EMIT_LOC_STRINGS = YES;
				SWIFT_VERSION = 5.0;
				TARGETED_DEVICE_FAMILY = "1,2";
			};
			name = Release;
		};
		6DE8807C2B568EAB004E5334 /* Debug */ = {
			isa = XCBuildConfiguration;
			buildSettings = {
				BUNDLE_LOADER = "$(TEST_HOST)";
				CODE_SIGN_STYLE = Automatic;
				CURRENT_PROJECT_VERSION = 1;
				DEVELOPMENT_TEAM = BDJY23GUM8;
				GENERATE_INFOPLIST_FILE = YES;
				MARKETING_VERSION = 1.0;
				PRODUCT_BUNDLE_IDENTIFIER = com.edguitian.MultipleFunctionalTests;
				PRODUCT_NAME = "$(TARGET_NAME)";
				SWIFT_EMIT_LOC_STRINGS = NO;
				SWIFT_VERSION = 5.0;
				TARGETED_DEVICE_FAMILY = "1,2";
				TEST_HOST = "$(BUILT_PRODUCTS_DIR)/MultipleFunctional.app/$(BUNDLE_EXECUTABLE_FOLDER_PATH)/MultipleFunctional";
			};
			name = Debug;
		};
		6DE8807D2B568EAB004E5334 /* Release */ = {
			isa = XCBuildConfiguration;
			buildSettings = {
				BUNDLE_LOADER = "$(TEST_HOST)";
				CODE_SIGN_STYLE = Automatic;
				CURRENT_PROJECT_VERSION = 1;
				DEVELOPMENT_TEAM = BDJY23GUM8;
				GENERATE_INFOPLIST_FILE = YES;
				MARKETING_VERSION = 1.0;
				PRODUCT_BUNDLE_IDENTIFIER = com.edguitian.MultipleFunctionalTests;
				PRODUCT_NAME = "$(TARGET_NAME)";
				SWIFT_EMIT_LOC_STRINGS = NO;
				SWIFT_VERSION = 5.0;
				TARGETED_DEVICE_FAMILY = "1,2";
				TEST_HOST = "$(BUILT_PRODUCTS_DIR)/MultipleFunctional.app/$(BUNDLE_EXECUTABLE_FOLDER_PATH)/MultipleFunctional";
			};
			name = Release;
		};
/* End XCBuildConfiguration section */

/* Begin XCConfigurationList section */
		6D3D9CCC2B5165E30050D779 /* Build configuration list for PBXProject "MultipleFunctional" */ = {
			isa = XCConfigurationList;
			buildConfigurations = (
				6D3D9CDD2B5165E40050D779 /* Debug */,
				6D3D9CDE2B5165E40050D779 /* Release */,
			);
			defaultConfigurationIsVisible = 0;
			defaultConfigurationName = Release;
		};
		6D3D9CDF2B5165E40050D779 /* Build configuration list for PBXNativeTarget "MultipleFunctional" */ = {
			isa = XCConfigurationList;
			buildConfigurations = (
				6D3D9CE02B5165E40050D779 /* Debug */,
				6D3D9CE12B5165E40050D779 /* Release */,
			);
			defaultConfigurationIsVisible = 0;
			defaultConfigurationName = Release;
		};
		6DE8807B2B568EAB004E5334 /* Build configuration list for PBXNativeTarget "MultipleFunctionalTests" */ = {
			isa = XCConfigurationList;
			buildConfigurations = (
				6DE8807C2B568EAB004E5334 /* Debug */,
				6DE8807D2B568EAB004E5334 /* Release */,
			);
			defaultConfigurationIsVisible = 0;
			defaultConfigurationName = Release;
		};
/* End XCConfigurationList section */

/* Begin XCRemoteSwiftPackageReference section */
		6DE8801D2B552FEB004E5334 /* XCRemoteSwiftPackageReference "firebase-ios-sdk" */ = {
			isa = XCRemoteSwiftPackageReference;
			repositoryURL = "https://github.com/firebase/firebase-ios-sdk";
			requirement = {
				kind = upToNextMajorVersion;
				minimumVersion = 10.19.1;
			};
		};
		6DE880642B5594AC004E5334 /* XCRemoteSwiftPackageReference "SwiftLint" */ = {
			isa = XCRemoteSwiftPackageReference;
			repositoryURL = "https://github.com/realm/SwiftLint";
			requirement = {
				kind = upToNextMajorVersion;
				minimumVersion = 0.54.0;
			};
		};
		6DE8806C2B559687004E5334 /* XCRemoteSwiftPackageReference "SwiftLint" */ = {
			isa = XCRemoteSwiftPackageReference;
			repositoryURL = "https://github.com/realm/SwiftLint";
			requirement = {
				kind = upToNextMajorVersion;
				minimumVersion = 0.54.0;
			};
		};
/* End XCRemoteSwiftPackageReference section */

/* Begin XCSwiftPackageProductDependency section */
		6DE8801E2B552FEB004E5334 /* FirebaseAuth */ = {
			isa = XCSwiftPackageProductDependency;
			package = 6DE8801D2B552FEB004E5334 /* XCRemoteSwiftPackageReference "firebase-ios-sdk" */;
			productName = FirebaseAuth;
		};
		6DE8806A2B5594CB004E5334 /* SwiftLintPlugin */ = {
			isa = XCSwiftPackageProductDependency;
			package = 6DE880642B5594AC004E5334 /* XCRemoteSwiftPackageReference "SwiftLint" */;
			productName = "plugin:SwiftLintPlugin";
		};
		6DE8807F2B56904F004E5334 /* SwiftLintPlugin */ = {
			isa = XCSwiftPackageProductDependency;
			package = 6DE8806C2B559687004E5334 /* XCRemoteSwiftPackageReference "SwiftLint" */;
			productName = "plugin:SwiftLintPlugin";
		};
/* End XCSwiftPackageProductDependency section */
	};
	rootObject = 6D3D9CC92B5165E30050D779 /* Project object */;
}
